
Microsoft Visual Studio Solution File, Format Version 12.00
# Visual Studio Version 17
VisualStudioVersion = 17.8.34322.80
MinimumVisualStudioVersion = 10.0.40219.1
Project("{FAE04EC0-301F-11D3-BF4B-00C04F79EFBC}") = "RuzgarGulu", "RuzgarGulu\RuzgarGulu.csproj", "{2276B116-7C5C-45A2-8619-0206DC4CD1BC}"
EndProject
Global
	GlobalSection(SolutionConfigurationPlatforms) = preSolution
		Debug|Any CPU = Debug|Any CPU
		Release|Any CPU = Release|Any CPU
	EndGlobalSection
	GlobalSection(ProjectConfigurationPlatforms) = postSolution
		{2276B116-7C5C-45A2-8619-0206DC4CD1BC}.Debug|Any CPU.ActiveCfg = Debug|Any CPU
		{2276B116-7C5C-45A2-8619-0206DC4CD1BC}.Debug|Any CPU.Build.0 = Debug|Any CPU
		{2276B116-7C5C-45A2-8619-0206DC4CD1BC}.Release|Any CPU.ActiveCfg = Release|Any CPU
		{2276B116-7C5C-45A2-8619-0206DC4CD1BC}.Release|Any CPU.Build.0 = Release|Any CPU
	EndGlobalSection
	GlobalSection(SolutionProperties) = preSolution
		HideSolutionNode = FALSE
	EndGlobalSection
	GlobalSection(ExtensibilityGlobals) = postSolution
		SolutionGuid = {6B7E0528-A33D-4DA5-A0E5-9980F676134B}
	EndGlobalSection
EndGlobal
